
Microsoft Visual Studio Solution File, Format Version 12.00
# Visual Studio 14
VisualStudioVersion = 14.0.25123.0
MinimumVisualStudioVersion = 10.0.40219.1
Project("{2150E333-8FDC-42A3-9474-1A3956D46DE8}") = "src", "src", "{16555D27-7946-4EC8-9E62-E42DEE74295F}"
EndProject
Project("{2150E333-8FDC-42A3-9474-1A3956D46DE8}") = "Solution Items", "Solution Items", "{30C6EC6F-DD87-4468-A13F-A34B8027CE4F}"
	ProjectSection(SolutionItems) = preProject
		global.json = global.json
	EndProjectSection
EndProject
Project("{8BB2217D-0F2D-49D1-97BC-3654ED321F3B}") = "Core1Test", "src\Core1Test\Core1Test.xproj", "{84CFD78E-34FC-40D3-B4C1-803BF1F761F4}"
EndProject
Global
	GlobalSection(SolutionConfigurationPlatforms) = preSolution
		Debug|Any CPU = Debug|Any CPU
		Release|Any CPU = Release|Any CPU
	EndGlobalSection
	GlobalSection(ProjectConfigurationPlatforms) = postSolution
		{84CFD78E-34FC-40D3-B4C1-803BF1F761F4}.Debug|Any CPU.ActiveCfg = Debug|Any CPU
		{84CFD78E-34FC-40D3-B4C1-803BF1F761F4}.Debug|Any CPU.Build.0 = Debug|Any CPU
		{84CFD78E-34FC-40D3-B4C1-803BF1F761F4}.Release|Any CPU.ActiveCfg = Release|Any CPU
		{84CFD78E-34FC-40D3-B4C1-803BF1F761F4}.Release|Any CPU.Build.0 = Release|Any CPU
	EndGlobalSection
	GlobalSection(SolutionProperties) = preSolution
		HideSolutionNode = FALSE
	EndGlobalSection
	GlobalSection(NestedProjects) = preSolution
		{84CFD78E-34FC-40D3-B4C1-803BF1F761F4} = {16555D27-7946-4EC8-9E62-E42DEE74295F}
	EndGlobalSection
EndGlobal
